// !$*UTF8*$!
{
	archiveVersion = 1;
	classes = {
	};
	objectVersion = 51;
	objects = {

/* Begin PBXBuildFile section */
		422E323A2407045C00BCA1FD /* AppDelegate.swift in Sources */ = {isa = PBXBuildFile; fileRef = 422E32392407045C00BCA1FD /* AppDelegate.swift */; };
		422E323E2407045C00BCA1FD /* UserListViewController.swift in Sources */ = {isa = PBXBuildFile; fileRef = 422E323D2407045C00BCA1FD /* UserListViewController.swift */; };
		422E32432407045D00BCA1FD /* Assets.xcassets in Resources */ = {isa = PBXBuildFile; fileRef = 422E32422407045D00BCA1FD /* Assets.xcassets */; };
		422E32462407045D00BCA1FD /* LaunchScreen.storyboard in Resources */ = {isa = PBXBuildFile; fileRef = 422E32442407045D00BCA1FD /* LaunchScreen.storyboard */; };
		4241CA7424088B8E008176B6 /* UserTitleView.swift in Sources */ = {isa = PBXBuildFile; fileRef = 4241CA7324088B8E008176B6 /* UserTitleView.swift */; };
		4241CA7624088B97008176B6 /* UserTitleViewModel.swift in Sources */ = {isa = PBXBuildFile; fileRef = 4241CA7524088B97008176B6 /* UserTitleViewModel.swift */; };
		4241CA7924088C37008176B6 /* UserAvatarView.swift in Sources */ = {isa = PBXBuildFile; fileRef = 4241CA7824088C37008176B6 /* UserAvatarView.swift */; };
		4241CA7B24088C3F008176B6 /* UserAvatarViewModel.swift in Sources */ = {isa = PBXBuildFile; fileRef = 4241CA7A24088C3F008176B6 /* UserAvatarViewModel.swift */; };
		427E5F85240713B1006DF4B3 /* UIView+Extensions.swift in Sources */ = {isa = PBXBuildFile; fileRef = 427E5F84240713B1006DF4B3 /* UIView+Extensions.swift */; };
		427E5F88240714BF006DF4B3 /* HasViewModel.swift in Sources */ = {isa = PBXBuildFile; fileRef = 427E5F87240714BF006DF4B3 /* HasViewModel.swift */; };
		427E5F8A240714E7006DF4B3 /* ViewModel.swift in Sources */ = {isa = PBXBuildFile; fileRef = 427E5F89240714E7006DF4B3 /* ViewModel.swift */; };
		427E5F8C24071555006DF4B3 /* HasDisposeBag.swift in Sources */ = {isa = PBXBuildFile; fileRef = 427E5F8B24071555006DF4B3 /* HasDisposeBag.swift */; };
		427E5F8F24071733006DF4B3 /* HasReuseID.swift in Sources */ = {isa = PBXBuildFile; fileRef = 427E5F8E24071733006DF4B3 /* HasReuseID.swift */; };
		427E5F922407178D006DF4B3 /* CellWith.swift in Sources */ = {isa = PBXBuildFile; fileRef = 427E5F912407178D006DF4B3 /* CellWith.swift */; };
		427E5F942407185A006DF4B3 /* View.swift in Sources */ = {isa = PBXBuildFile; fileRef = 427E5F932407185A006DF4B3 /* View.swift */; };
		427E5F972407193E006DF4B3 /* TableView.swift in Sources */ = {isa = PBXBuildFile; fileRef = 427E5F962407193E006DF4B3 /* TableView.swift */; };
		427E5F9924071977006DF4B3 /* UITableView+Extensions.swift in Sources */ = {isa = PBXBuildFile; fileRef = 427E5F9824071977006DF4B3 /* UITableView+Extensions.swift */; };
		427E5F9B240719C2006DF4B3 /* ViewModelDataSource.swift in Sources */ = {isa = PBXBuildFile; fileRef = 427E5F9A240719C2006DF4B3 /* ViewModelDataSource.swift */; };
		427E5F9E24071FD5006DF4B3 /* UserListViewModel.swift in Sources */ = {isa = PBXBuildFile; fileRef = 427E5F9D24071FD5006DF4B3 /* UserListViewModel.swift */; };
		427E5FA12407201C006DF4B3 /* ViewController.swift in Sources */ = {isa = PBXBuildFile; fileRef = 427E5FA02407201C006DF4B3 /* ViewController.swift */; };
		427E5FA3240721AF006DF4B3 /* UserCardView.swift in Sources */ = {isa = PBXBuildFile; fileRef = 427E5FA2240721AF006DF4B3 /* UserCardView.swift */; };
		427E5FA5240721BF006DF4B3 /* UserCardViewModel.swift in Sources */ = {isa = PBXBuildFile; fileRef = 427E5FA4240721BF006DF4B3 /* UserCardViewModel.swift */; };
		427E5FA924072A8B006DF4B3 /* User.swift in Sources */ = {isa = PBXBuildFile; fileRef = 427E5FA824072A8B006DF4B3 /* User.swift */; };
		427E5FAB24072BAF006DF4B3 /* AccountType.swift in Sources */ = {isa = PBXBuildFile; fileRef = 427E5FAA24072BAF006DF4B3 /* AccountType.swift */; };
		427E5FB124073E44006DF4B3 /* Endpoint.swift in Sources */ = {isa = PBXBuildFile; fileRef = 427E5FB024073E44006DF4B3 /* Endpoint.swift */; };
		427E5FB324074490006DF4B3 /* NetworkManager.swift in Sources */ = {isa = PBXBuildFile; fileRef = 427E5FB224074490006DF4B3 /* NetworkManager.swift */; };
		427E5FB5240746C8006DF4B3 /* GetUsersFailureReason.swift in Sources */ = {isa = PBXBuildFile; fileRef = 427E5FB4240746C8006DF4B3 /* GetUsersFailureReason.swift */; };
		F02DC8E3CFF412D174F5E10E /* Pods_GitHubUsers.framework in Frameworks */ = {isa = PBXBuildFile; fileRef = 16E7AF1A3F875967ABDC00E9 /* Pods_GitHubUsers.framework */; };
/* End PBXBuildFile section */

/* Begin PBXFileReference section */
		16E7AF1A3F875967ABDC00E9 /* Pods_GitHubUsers.framework */ = {isa = PBXFileReference; explicitFileType = wrapper.framework; includeInIndex = 0; path = Pods_GitHubUsers.framework; sourceTree = BUILT_PRODUCTS_DIR; };
		3EF6BEBCFB855B3AE71321EA /* Pods-GitHubUsers.debug.xcconfig */ = {isa = PBXFileReference; includeInIndex = 1; lastKnownFileType = text.xcconfig; name = "Pods-GitHubUsers.debug.xcconfig"; path = "Target Support Files/Pods-GitHubUsers/Pods-GitHubUsers.debug.xcconfig"; sourceTree = "<group>"; };
		422E32362407045C00BCA1FD /* GitHubUsers.app */ = {isa = PBXFileReference; explicitFileType = wrapper.application; includeInIndex = 0; path = GitHubUsers.app; sourceTree = BUILT_PRODUCTS_DIR; };
		422E32392407045C00BCA1FD /* AppDelegate.swift */ = {isa = PBXFileReference; lastKnownFileType = sourcecode.swift; path = AppDelegate.swift; sourceTree = "<group>"; };
		422E323D2407045C00BCA1FD /* UserListViewController.swift */ = {isa = PBXFileReference; lastKnownFileType = sourcecode.swift; path = UserListViewController.swift; sourceTree = "<group>"; };
		422E32422407045D00BCA1FD /* Assets.xcassets */ = {isa = PBXFileReference; lastKnownFileType = folder.assetcatalog; path = Assets.xcassets; sourceTree = "<group>"; };
		422E32452407045D00BCA1FD /* Base */ = {isa = PBXFileReference; lastKnownFileType = file.storyboard; name = Base; path = Base.lproj/LaunchScreen.storyboard; sourceTree = "<group>"; };
		422E32472407045D00BCA1FD /* Info.plist */ = {isa = PBXFileReference; lastKnownFileType = text.plist.xml; path = Info.plist; sourceTree = "<group>"; };
		4241CA7324088B8E008176B6 /* UserTitleView.swift */ = {isa = PBXFileReference; lastKnownFileType = sourcecode.swift; path = UserTitleView.swift; sourceTree = "<group>"; };
		4241CA7524088B97008176B6 /* UserTitleViewModel.swift */ = {isa = PBXFileReference; lastKnownFileType = sourcecode.swift; path = UserTitleViewModel.swift; sourceTree = "<group>"; };
		4241CA7824088C37008176B6 /* UserAvatarView.swift */ = {isa = PBXFileReference; lastKnownFileType = sourcecode.swift; path = UserAvatarView.swift; sourceTree = "<group>"; };
		4241CA7A24088C3F008176B6 /* UserAvatarViewModel.swift */ = {isa = PBXFileReference; lastKnownFileType = sourcecode.swift; path = UserAvatarViewModel.swift; sourceTree = "<group>"; };
		427E5F84240713B1006DF4B3 /* UIView+Extensions.swift */ = {isa = PBXFileReference; lastKnownFileType = sourcecode.swift; path = "UIView+Extensions.swift"; sourceTree = "<group>"; };
		427E5F87240714BF006DF4B3 /* HasViewModel.swift */ = {isa = PBXFileReference; lastKnownFileType = sourcecode.swift; path = HasViewModel.swift; sourceTree = "<group>"; };
		427E5F89240714E7006DF4B3 /* ViewModel.swift */ = {isa = PBXFileReference; lastKnownFileType = sourcecode.swift; path = ViewModel.swift; sourceTree = "<group>"; };
		427E5F8B24071555006DF4B3 /* HasDisposeBag.swift */ = {isa = PBXFileReference; lastKnownFileType = sourcecode.swift; path = HasDisposeBag.swift; sourceTree = "<group>"; };
		427E5F8E24071733006DF4B3 /* HasReuseID.swift */ = {isa = PBXFileReference; lastKnownFileType = sourcecode.swift; path = HasReuseID.swift; sourceTree = "<group>"; };
		427E5F912407178D006DF4B3 /* CellWith.swift */ = {isa = PBXFileReference; lastKnownFileType = sourcecode.swift; path = CellWith.swift; sourceTree = "<group>"; };
		427E5F932407185A006DF4B3 /* View.swift */ = {isa = PBXFileReference; lastKnownFileType = sourcecode.swift; path = View.swift; sourceTree = "<group>"; };
		427E5F962407193E006DF4B3 /* TableView.swift */ = {isa = PBXFileReference; lastKnownFileType = sourcecode.swift; path = TableView.swift; sourceTree = "<group>"; };
		427E5F9824071977006DF4B3 /* UITableView+Extensions.swift */ = {isa = PBXFileReference; lastKnownFileType = sourcecode.swift; path = "UITableView+Extensions.swift"; sourceTree = "<group>"; };
		427E5F9A240719C2006DF4B3 /* ViewModelDataSource.swift */ = {isa = PBXFileReference; lastKnownFileType = sourcecode.swift; path = ViewModelDataSource.swift; sourceTree = "<group>"; };
		427E5F9D24071FD5006DF4B3 /* UserListViewModel.swift */ = {isa = PBXFileReference; lastKnownFileType = sourcecode.swift; path = UserListViewModel.swift; sourceTree = "<group>"; };
		427E5FA02407201C006DF4B3 /* ViewController.swift */ = {isa = PBXFileReference; lastKnownFileType = sourcecode.swift; path = ViewController.swift; sourceTree = "<group>"; };
		427E5FA2240721AF006DF4B3 /* UserCardView.swift */ = {isa = PBXFileReference; lastKnownFileType = sourcecode.swift; path = UserCardView.swift; sourceTree = "<group>"; };
		427E5FA4240721BF006DF4B3 /* UserCardViewModel.swift */ = {isa = PBXFileReference; lastKnownFileType = sourcecode.swift; path = UserCardViewModel.swift; sourceTree = "<group>"; };
		427E5FA824072A8B006DF4B3 /* User.swift */ = {isa = PBXFileReference; lastKnownFileType = sourcecode.swift; path = User.swift; sourceTree = "<group>"; };
		427E5FAA24072BAF006DF4B3 /* AccountType.swift */ = {isa = PBXFileReference; lastKnownFileType = sourcecode.swift; path = AccountType.swift; sourceTree = "<group>"; };
		427E5FB024073E44006DF4B3 /* Endpoint.swift */ = {isa = PBXFileReference; lastKnownFileType = sourcecode.swift; path = Endpoint.swift; sourceTree = "<group>"; };
		427E5FB224074490006DF4B3 /* NetworkManager.swift */ = {isa = PBXFileReference; lastKnownFileType = sourcecode.swift; path = NetworkManager.swift; sourceTree = "<group>"; };
		427E5FB4240746C8006DF4B3 /* GetUsersFailureReason.swift */ = {isa = PBXFileReference; lastKnownFileType = sourcecode.swift; path = GetUsersFailureReason.swift; sourceTree = "<group>"; };
		A0603CAD8463AD9F30A0BA8D /* Pods-GitHubUsers.release.xcconfig */ = {isa = PBXFileReference; includeInIndex = 1; lastKnownFileType = text.xcconfig; name = "Pods-GitHubUsers.release.xcconfig"; path = "Target Support Files/Pods-GitHubUsers/Pods-GitHubUsers.release.xcconfig"; sourceTree = "<group>"; };
/* End PBXFileReference section */

/* Begin PBXFrameworksBuildPhase section */
		422E32332407045C00BCA1FD /* Frameworks */ = {
			isa = PBXFrameworksBuildPhase;
			buildActionMask = 2147483647;
			files = (
				F02DC8E3CFF412D174F5E10E /* Pods_GitHubUsers.framework in Frameworks */,
			);
			runOnlyForDeploymentPostprocessing = 0;
		};
/* End PBXFrameworksBuildPhase section */

/* Begin PBXGroup section */
		13316BD82DEA49B7A2812E28 /* Frameworks */ = {
			isa = PBXGroup;
			children = (
				16E7AF1A3F875967ABDC00E9 /* Pods_GitHubUsers.framework */,
			);
			name = Frameworks;
			sourceTree = "<group>";
		};
		422E322D2407045C00BCA1FD = {
			isa = PBXGroup;
			children = (
				422E32382407045C00BCA1FD /* GitHubUsers */,
				422E32372407045C00BCA1FD /* Products */,
				B08CB2C0D88CCB64E142D47C /* Pods */,
				13316BD82DEA49B7A2812E28 /* Frameworks */,
			);
			sourceTree = "<group>";
		};
		422E32372407045C00BCA1FD /* Products */ = {
			isa = PBXGroup;
			children = (
				422E32362407045C00BCA1FD /* GitHubUsers.app */,
			);
			name = Products;
			sourceTree = "<group>";
		};
		422E32382407045C00BCA1FD /* GitHubUsers */ = {
			isa = PBXGroup;
			children = (
				422E32392407045C00BCA1FD /* AppDelegate.swift */,
				427E5FAD240734EE006DF4B3 /* Core Layer */,
				427E5FAE24073A5C006DF4B3 /* Network Layer */,
				427E5FAC240734E0006DF4B3 /* Presentation Layer */,
				422E32422407045D00BCA1FD /* Assets.xcassets */,
				422E32442407045D00BCA1FD /* LaunchScreen.storyboard */,
				422E32472407045D00BCA1FD /* Info.plist */,
			);
			path = GitHubUsers;
			sourceTree = "<group>";
		};
		4241CA7224088B77008176B6 /* UserTitleView */ = {
			isa = PBXGroup;
			children = (
				4241CA7324088B8E008176B6 /* UserTitleView.swift */,
				4241CA7524088B97008176B6 /* UserTitleViewModel.swift */,
			);
			path = UserTitleView;
			sourceTree = "<group>";
		};
		4241CA7724088C0B008176B6 /* UserAvatarView */ = {
			isa = PBXGroup;
			children = (
				4241CA7824088C37008176B6 /* UserAvatarView.swift */,
				4241CA7A24088C3F008176B6 /* UserAvatarViewModel.swift */,
			);
			path = UserAvatarView;
			sourceTree = "<group>";
		};
		427E5F8324071395006DF4B3 /* Extensions */ = {
			isa = PBXGroup;
			children = (
				427E5F84240713B1006DF4B3 /* UIView+Extensions.swift */,
				427E5F9824071977006DF4B3 /* UITableView+Extensions.swift */,
			);
			path = Extensions;
			sourceTree = "<group>";
		};
		427E5F862407148F006DF4B3 /* MVVM */ = {
			isa = PBXGroup;
			children = (
				427E5F89240714E7006DF4B3 /* ViewModel.swift */,
				427E5F8D240715D0006DF4B3 /* Protocols */,
			);
			path = MVVM;
			sourceTree = "<group>";
		};
		427E5F8D240715D0006DF4B3 /* Protocols */ = {
			isa = PBXGroup;
			children = (
				427E5F87240714BF006DF4B3 /* HasViewModel.swift */,
				427E5F8B24071555006DF4B3 /* HasDisposeBag.swift */,
				427E5F8E24071733006DF4B3 /* HasReuseID.swift */,
				427E5F9A240719C2006DF4B3 /* ViewModelDataSource.swift */,
			);
			path = Protocols;
			sourceTree = "<group>";
		};
		427E5F902407177D006DF4B3 /* Views */ = {
			isa = PBXGroup;
			children = (
				427E5F9524071893006DF4B3 /* Base */,
				4241CA7724088C0B008176B6 /* UserAvatarView */,
				4241CA7224088B77008176B6 /* UserTitleView */,
				427E5FA624072227006DF4B3 /* UserCardView */,
				427E5F9F24071FF2006DF4B3 /* UserListViewController */,
			);
			path = Views;
			sourceTree = "<group>";
		};
		427E5F9524071893006DF4B3 /* Base */ = {
			isa = PBXGroup;
			children = (
				427E5F912407178D006DF4B3 /* CellWith.swift */,
				427E5FA02407201C006DF4B3 /* ViewController.swift */,
				427E5F962407193E006DF4B3 /* TableView.swift */,
				427E5F932407185A006DF4B3 /* View.swift */,
			);
			path = Base;
			sourceTree = "<group>";
		};
		427E5F9F24071FF2006DF4B3 /* UserListViewController */ = {
			isa = PBXGroup;
			children = (
				427E5F9D24071FD5006DF4B3 /* UserListViewModel.swift */,
				422E323D2407045C00BCA1FD /* UserListViewController.swift */,
			);
			path = UserListViewController;
			sourceTree = "<group>";
		};
		427E5FA624072227006DF4B3 /* UserCardView */ = {
			isa = PBXGroup;
			children = (
				427E5FA4240721BF006DF4B3 /* UserCardViewModel.swift */,
				427E5FA2240721AF006DF4B3 /* UserCardView.swift */,
			);
			path = UserCardView;
			sourceTree = "<group>";
		};
		427E5FA724072334006DF4B3 /* Models */ = {
			isa = PBXGroup;
			children = (
				427E5FAA24072BAF006DF4B3 /* AccountType.swift */,
			);
			path = Models;
			sourceTree = "<group>";
		};
		427E5FAC240734E0006DF4B3 /* Presentation Layer */ = {
			isa = PBXGroup;
			children = (
				427E5F902407177D006DF4B3 /* Views */,
			);
			path = "Presentation Layer";
			sourceTree = "<group>";
		};
		427E5FAD240734EE006DF4B3 /* Core Layer */ = {
			isa = PBXGroup;
			children = (
				427E5FA724072334006DF4B3 /* Models */,
				427E5F8324071395006DF4B3 /* Extensions */,
				427E5F862407148F006DF4B3 /* MVVM */,
			);
			path = "Core Layer";
			sourceTree = "<group>";
		};
		427E5FAE24073A5C006DF4B3 /* Network Layer */ = {
			isa = PBXGroup;
			children = (
				427E5FB224074490006DF4B3 /* NetworkManager.swift */,
				427E5FB4240746C8006DF4B3 /* GetUsersFailureReason.swift */,
				427E5FB024073E44006DF4B3 /* Endpoint.swift */,
				427E5FAF24073A77006DF4B3 /* Models */,
			);
			path = "Network Layer";
			sourceTree = "<group>";
		};
		427E5FAF24073A77006DF4B3 /* Models */ = {
			isa = PBXGroup;
			children = (
				427E5FA824072A8B006DF4B3 /* User.swift */,
			);
			path = Models;
			sourceTree = "<group>";
		};
		B08CB2C0D88CCB64E142D47C /* Pods */ = {
			isa = PBXGroup;
			children = (
				3EF6BEBCFB855B3AE71321EA /* Pods-GitHubUsers.debug.xcconfig */,
				A0603CAD8463AD9F30A0BA8D /* Pods-GitHubUsers.release.xcconfig */,
			);
			path = Pods;
			sourceTree = "<group>";
		};
/* End PBXGroup section */

/* Begin PBXNativeTarget section */
		422E32352407045C00BCA1FD /* GitHubUsers */ = {
			isa = PBXNativeTarget;
			buildConfigurationList = 422E324A2407045D00BCA1FD /* Build configuration list for PBXNativeTarget "GitHubUsers" */;
			buildPhases = (
				A1E2804EB266DC26368DF163 /* [CP] Check Pods Manifest.lock */,
				422E32322407045C00BCA1FD /* Sources */,
				422E32332407045C00BCA1FD /* Frameworks */,
				422E32342407045C00BCA1FD /* Resources */,
				92D55AD8DBC6C6DB3E0813DF /* [CP] Embed Pods Frameworks */,
				427E5F9C24071F1B006DF4B3 /* ShellScript */,
			);
			buildRules = (
			);
			dependencies = (
			);
			name = GitHubUsers;
			productName = GitHubUsers;
			productReference = 422E32362407045C00BCA1FD /* GitHubUsers.app */;
			productType = "com.apple.product-type.application";
		};
/* End PBXNativeTarget section */

/* Begin PBXProject section */
		422E322E2407045C00BCA1FD /* Project object */ = {
			isa = PBXProject;
			attributes = {
				LastSwiftUpdateCheck = 1130;
				LastUpgradeCheck = 1130;
				ORGANIZATIONNAME = dk;
				TargetAttributes = {
					422E32352407045C00BCA1FD = {
						CreatedOnToolsVersion = 11.3.1;
					};
				};
			};
			buildConfigurationList = 422E32312407045C00BCA1FD /* Build configuration list for PBXProject "GitHubUsers" */;
			compatibilityVersion = "Xcode 9.3";
			developmentRegion = en;
			hasScannedForEncodings = 0;
			knownRegions = (
				en,
				Base,
			);
			mainGroup = 422E322D2407045C00BCA1FD;
			productRefGroup = 422E32372407045C00BCA1FD /* Products */;
			projectDirPath = "";
			projectRoot = "";
			targets = (
				422E32352407045C00BCA1FD /* GitHubUsers */,
			);
		};
/* End PBXProject section */

/* Begin PBXResourcesBuildPhase section */
		422E32342407045C00BCA1FD /* Resources */ = {
			isa = PBXResourcesBuildPhase;
			buildActionMask = 2147483647;
			files = (
				422E32462407045D00BCA1FD /* LaunchScreen.storyboard in Resources */,
				422E32432407045D00BCA1FD /* Assets.xcassets in Resources */,
			);
			runOnlyForDeploymentPostprocessing = 0;
		};
/* End PBXResourcesBuildPhase section */

/* Begin PBXShellScriptBuildPhase section */
		427E5F9C24071F1B006DF4B3 /* ShellScript */ = {
			isa = PBXShellScriptBuildPhase;
			buildActionMask = 2147483647;
			files = (
			);
			inputFileListPaths = (
			);
			inputPaths = (
			);
			outputFileListPaths = (
			);
			outputPaths = (
			);
			runOnlyForDeploymentPostprocessing = 0;
			shellPath = /bin/sh;
			shellScript = "if which swiftformat >/dev/null; then\n  swiftformat .\nelse\n  echo \"warning: SwiftFormat not installed, download from https://github.com/nicklockwood/SwiftFormat\"\nfi\n";
		};
		92D55AD8DBC6C6DB3E0813DF /* [CP] Embed Pods Frameworks */ = {
			isa = PBXShellScriptBuildPhase;
			buildActionMask = 2147483647;
			files = (
			);
			inputFileListPaths = (
				"${PODS_ROOT}/Target Support Files/Pods-GitHubUsers/Pods-GitHubUsers-frameworks-${CONFIGURATION}-input-files.xcfilelist",
			);
			name = "[CP] Embed Pods Frameworks";
			outputFileListPaths = (
				"${PODS_ROOT}/Target Support Files/Pods-GitHubUsers/Pods-GitHubUsers-frameworks-${CONFIGURATION}-output-files.xcfilelist",
			);
			runOnlyForDeploymentPostprocessing = 0;
			shellPath = /bin/sh;
			shellScript = "\"${PODS_ROOT}/Target Support Files/Pods-GitHubUsers/Pods-GitHubUsers-frameworks.sh\"\n";
			showEnvVarsInLog = 0;
		};
		A1E2804EB266DC26368DF163 /* [CP] Check Pods Manifest.lock */ = {
			isa = PBXShellScriptBuildPhase;
			buildActionMask = 2147483647;
			files = (
			);
			inputFileListPaths = (
			);
			inputPaths = (
				"${PODS_PODFILE_DIR_PATH}/Podfile.lock",
				"${PODS_ROOT}/Manifest.lock",
			);
			name = "[CP] Check Pods Manifest.lock";
			outputFileListPaths = (
			);
			outputPaths = (
				"$(DERIVED_FILE_DIR)/Pods-GitHubUsers-checkManifestLockResult.txt",
			);
			runOnlyForDeploymentPostprocessing = 0;
			shellPath = /bin/sh;
			shellScript = "diff \"${PODS_PODFILE_DIR_PATH}/Podfile.lock\" \"${PODS_ROOT}/Manifest.lock\" > /dev/null\nif [ $? != 0 ] ; then\n    # print error to STDERR\n    echo \"error: The sandbox is not in sync with the Podfile.lock. Run 'pod install' or update your CocoaPods installation.\" >&2\n    exit 1\nfi\n# This output is used by Xcode 'outputs' to avoid re-running this script phase.\necho \"SUCCESS\" > \"${SCRIPT_OUTPUT_FILE_0}\"\n";
			showEnvVarsInLog = 0;
		};
/* End PBXShellScriptBuildPhase section */

/* Begin PBXSourcesBuildPhase section */
		422E32322407045C00BCA1FD /* Sources */ = {
			isa = PBXSourcesBuildPhase;
			buildActionMask = 2147483647;
			files = (
				427E5F8A240714E7006DF4B3 /* ViewModel.swift in Sources */,
				427E5FB124073E44006DF4B3 /* Endpoint.swift in Sources */,
				4241CA7424088B8E008176B6 /* UserTitleView.swift in Sources */,
				427E5F972407193E006DF4B3 /* TableView.swift in Sources */,
				427E5F8F24071733006DF4B3 /* HasReuseID.swift in Sources */,
				427E5F85240713B1006DF4B3 /* UIView+Extensions.swift in Sources */,
				427E5FA12407201C006DF4B3 /* ViewController.swift in Sources */,
				427E5FB5240746C8006DF4B3 /* GetUsersFailureReason.swift in Sources */,
				427E5F88240714BF006DF4B3 /* HasViewModel.swift in Sources */,
				4241CA7B24088C3F008176B6 /* UserAvatarViewModel.swift in Sources */,
				427E5F8C24071555006DF4B3 /* HasDisposeBag.swift in Sources */,
				427E5FAB24072BAF006DF4B3 /* AccountType.swift in Sources */,
				427E5FA924072A8B006DF4B3 /* User.swift in Sources */,
				427E5FA5240721BF006DF4B3 /* UserCardViewModel.swift in Sources */,
				427E5F942407185A006DF4B3 /* View.swift in Sources */,
				427E5FB324074490006DF4B3 /* NetworkManager.swift in Sources */,
				427E5F9B240719C2006DF4B3 /* ViewModelDataSource.swift in Sources */,
				4241CA7924088C37008176B6 /* UserAvatarView.swift in Sources */,
				427E5FA3240721AF006DF4B3 /* UserCardView.swift in Sources */,
				4241CA7624088B97008176B6 /* UserTitleViewModel.swift in Sources */,
				427E5F9924071977006DF4B3 /* UITableView+Extensions.swift in Sources */,
				427E5F9E24071FD5006DF4B3 /* UserListViewModel.swift in Sources */,
				427E5F922407178D006DF4B3 /* CellWith.swift in Sources */,
				422E323E2407045C00BCA1FD /* UserListViewController.swift in Sources */,
				422E323A2407045C00BCA1FD /* AppDelegate.swift in Sources */,
			);
			runOnlyForDeploymentPostprocessing = 0;
		};
/* End PBXSourcesBuildPhase section */

/* Begin PBXVariantGroup section */
		422E32442407045D00BCA1FD /* LaunchScreen.storyboard */ = {
			isa = PBXVariantGroup;
			children = (
				422E32452407045D00BCA1FD /* Base */,
			);
			name = LaunchScreen.storyboard;
			sourceTree = "<group>";
		};
/* End PBXVariantGroup section */

/* Begin XCBuildConfiguration section */
		422E32482407045D00BCA1FD /* Debug */ = {
			isa = XCBuildConfiguration;
			buildSettings = {
				ALWAYS_SEARCH_USER_PATHS = NO;
				CLANG_ANALYZER_NONNULL = YES;
				CLANG_ANALYZER_NUMBER_OBJECT_CONVERSION = YES_AGGRESSIVE;
				CLANG_CXX_LANGUAGE_STANDARD = "gnu++14";
				CLANG_CXX_LIBRARY = "libc++";
				CLANG_ENABLE_MODULES = YES;
				CLANG_ENABLE_OBJC_ARC = YES;
				CLANG_ENABLE_OBJC_WEAK = YES;
				CLANG_WARN_BLOCK_CAPTURE_AUTORELEASING = YES;
				CLANG_WARN_BOOL_CONVERSION = YES;
				CLANG_WARN_COMMA = YES;
				CLANG_WARN_CONSTANT_CONVERSION = YES;
				CLANG_WARN_DEPRECATED_OBJC_IMPLEMENTATIONS = YES;
				CLANG_WARN_DIRECT_OBJC_ISA_USAGE = YES_ERROR;
				CLANG_WARN_DOCUMENTATION_COMMENTS = YES;
				CLANG_WARN_EMPTY_BODY = YES;
				CLANG_WARN_ENUM_CONVERSION = YES;
				CLANG_WARN_INFINITE_RECURSION = YES;
				CLANG_WARN_INT_CONVERSION = YES;
				CLANG_WARN_NON_LITERAL_NULL_CONVERSION = YES;
				CLANG_WARN_OBJC_IMPLICIT_RETAIN_SELF = YES;
				CLANG_WARN_OBJC_LITERAL_CONVERSION = YES;
				CLANG_WARN_OBJC_ROOT_CLASS = YES_ERROR;
				CLANG_WARN_RANGE_LOOP_ANALYSIS = YES;
				CLANG_WARN_STRICT_PROTOTYPES = YES;
				CLANG_WARN_SUSPICIOUS_MOVE = YES;
				CLANG_WARN_UNGUARDED_AVAILABILITY = YES_AGGRESSIVE;
				CLANG_WARN_UNREACHABLE_CODE = YES;
				CLANG_WARN__DUPLICATE_METHOD_MATCH = YES;
				COPY_PHASE_STRIP = NO;
				DEBUG_INFORMATION_FORMAT = dwarf;
				ENABLE_STRICT_OBJC_MSGSEND = YES;
				ENABLE_TESTABILITY = YES;
				GCC_C_LANGUAGE_STANDARD = gnu11;
				GCC_DYNAMIC_NO_PIC = NO;
				GCC_NO_COMMON_BLOCKS = YES;
				GCC_OPTIMIZATION_LEVEL = 0;
				GCC_PREPROCESSOR_DEFINITIONS = (
					"DEBUG=1",
					"$(inherited)",
				);
				GCC_WARN_64_TO_32_BIT_CONVERSION = YES;
				GCC_WARN_ABOUT_RETURN_TYPE = YES_ERROR;
				GCC_WARN_UNDECLARED_SELECTOR = YES;
				GCC_WARN_UNINITIALIZED_AUTOS = YES_AGGRESSIVE;
				GCC_WARN_UNUSED_FUNCTION = YES;
				GCC_WARN_UNUSED_VARIABLE = YES;
				IPHONEOS_DEPLOYMENT_TARGET = 13.2;
				MTL_ENABLE_DEBUG_INFO = INCLUDE_SOURCE;
				MTL_FAST_MATH = YES;
				ONLY_ACTIVE_ARCH = YES;
				SDKROOT = iphoneos;
				SWIFT_ACTIVE_COMPILATION_CONDITIONS = DEBUG;
				SWIFT_OPTIMIZATION_LEVEL = "-Onone";
			};
			name = Debug;
		};
		422E32492407045D00BCA1FD /* Release */ = {
			isa = XCBuildConfiguration;
			buildSettings = {
				ALWAYS_SEARCH_USER_PATHS = NO;
				CLANG_ANALYZER_NONNULL = YES;
				CLANG_ANALYZER_NUMBER_OBJECT_CONVERSION = YES_AGGRESSIVE;
				CLANG_CXX_LANGUAGE_STANDARD = "gnu++14";
				CLANG_CXX_LIBRARY = "libc++";
				CLANG_ENABLE_MODULES = YES;
				CLANG_ENABLE_OBJC_ARC = YES;
				CLANG_ENABLE_OBJC_WEAK = YES;
				CLANG_WARN_BLOCK_CAPTURE_AUTORELEASING = YES;
				CLANG_WARN_BOOL_CONVERSION = YES;
				CLANG_WARN_COMMA = YES;
				CLANG_WARN_CONSTANT_CONVERSION = YES;
				CLANG_WARN_DEPRECATED_OBJC_IMPLEMENTATIONS = YES;
				CLANG_WARN_DIRECT_OBJC_ISA_USAGE = YES_ERROR;
				CLANG_WARN_DOCUMENTATION_COMMENTS = YES;
				CLANG_WARN_EMPTY_BODY = YES;
				CLANG_WARN_ENUM_CONVERSION = YES;
				CLANG_WARN_INFINITE_RECURSION = YES;
				CLANG_WARN_INT_CONVERSION = YES;
				CLANG_WARN_NON_LITERAL_NULL_CONVERSION = YES;
				CLANG_WARN_OBJC_IMPLICIT_RETAIN_SELF = YES;
				CLANG_WARN_OBJC_LITERAL_CONVERSION = YES;
				CLANG_WARN_OBJC_ROOT_CLASS = YES_ERROR;
				CLANG_WARN_RANGE_LOOP_ANALYSIS = YES;
				CLANG_WARN_STRICT_PROTOTYPES = YES;
				CLANG_WARN_SUSPICIOUS_MOVE = YES;
				CLANG_WARN_UNGUARDED_AVAILABILITY = YES_AGGRESSIVE;
				CLANG_WARN_UNREACHABLE_CODE = YES;
				CLANG_WARN__DUPLICATE_METHOD_MATCH = YES;
				COPY_PHASE_STRIP = NO;
				DEBUG_INFORMATION_FORMAT = "dwarf-with-dsym";
				ENABLE_NS_ASSERTIONS = NO;
				ENABLE_STRICT_OBJC_MSGSEND = YES;
				GCC_C_LANGUAGE_STANDARD = gnu11;
				GCC_NO_COMMON_BLOCKS = YES;
				GCC_WARN_64_TO_32_BIT_CONVERSION = YES;
				GCC_WARN_ABOUT_RETURN_TYPE = YES_ERROR;
				GCC_WARN_UNDECLARED_SELECTOR = YES;
				GCC_WARN_UNINITIALIZED_AUTOS = YES_AGGRESSIVE;
				GCC_WARN_UNUSED_FUNCTION = YES;
				GCC_WARN_UNUSED_VARIABLE = YES;
				IPHONEOS_DEPLOYMENT_TARGET = 13.2;
				MTL_ENABLE_DEBUG_INFO = NO;
				MTL_FAST_MATH = YES;
				SDKROOT = iphoneos;
				SWIFT_COMPILATION_MODE = wholemodule;
				SWIFT_OPTIMIZATION_LEVEL = "-O";
				VALIDATE_PRODUCT = YES;
			};
			name = Release;
		};
		422E324B2407045D00BCA1FD /* Debug */ = {
			isa = XCBuildConfiguration;
			baseConfigurationReference = 3EF6BEBCFB855B3AE71321EA /* Pods-GitHubUsers.debug.xcconfig */;
			buildSettings = {
				ASSETCATALOG_COMPILER_APPICON_NAME = AppIcon;
				CODE_SIGN_STYLE = Automatic;
				INFOPLIST_FILE = GitHubUsers/Info.plist;
				IPHONEOS_DEPLOYMENT_TARGET = 13.2;
				LD_RUNPATH_SEARCH_PATHS = (
					"$(inherited)",
					"@executable_path/Frameworks",
				);
				PRODUCT_BUNDLE_IDENTIFIER = org.dk.GitHubUsers;
				PRODUCT_NAME = "$(TARGET_NAME)";
				SWIFT_VERSION = 5.0;
				TARGETED_DEVICE_FAMILY = "1,2";
			};
			name = Debug;
		};
		422E324C2407045D00BCA1FD /* Release */ = {
			isa = XCBuildConfiguration;
			baseConfigurationReference = A0603CAD8463AD9F30A0BA8D /* Pods-GitHubUsers.release.xcconfig */;
			buildSettings = {
				ASSETCATALOG_COMPILER_APPICON_NAME = AppIcon;
				CODE_SIGN_STYLE = Automatic;
				INFOPLIST_FILE = GitHubUsers/Info.plist;
				IPHONEOS_DEPLOYMENT_TARGET = 13.2;
				LD_RUNPATH_SEARCH_PATHS = (
					"$(inherited)",
					"@executable_path/Frameworks",
				);
				PRODUCT_BUNDLE_IDENTIFIER = org.dk.GitHubUsers;
				PRODUCT_NAME = "$(TARGET_NAME)";
				SWIFT_VERSION = 5.0;
				TARGETED_DEVICE_FAMILY = "1,2";
			};
			name = Release;
		};
/* End XCBuildConfiguration section */

/* Begin XCConfigurationList section */
		422E32312407045C00BCA1FD /* Build configuration list for PBXProject "GitHubUsers" */ = {
			isa = XCConfigurationList;
			buildConfigurations = (
				422E32482407045D00BCA1FD /* Debug */,
				422E32492407045D00BCA1FD /* Release */,
			);
			defaultConfigurationIsVisible = 0;
			defaultConfigurationName = Release;
		};
		422E324A2407045D00BCA1FD /* Build configuration list for PBXNativeTarget "GitHubUsers" */ = {
			isa = XCConfigurationList;
			buildConfigurations = (
				422E324B2407045D00BCA1FD /* Debug */,
				422E324C2407045D00BCA1FD /* Release */,
			);
			defaultConfigurationIsVisible = 0;
			defaultConfigurationName = Release;
		};
/* End XCConfigurationList section */
	};
	rootObject = 422E322E2407045C00BCA1FD /* Project object */;
}
